
Microsoft Visual Studio Solution File, Format Version 12.00
# Visual Studio 15
VisualStudioVersion = 15.0.27428.2037
MinimumVisualStudioVersion = 10.0.40219.1
Project("{FAE04EC0-301F-11D3-BF4B-00C04F79EFBC}") = "EjemploPoo", "EjemploPoo\EjemploPoo.csproj", "{E2BAA23E-252F-4121-B52A-7DA568526D89}"
EndProject
Project("{FAE04EC0-301F-11D3-BF4B-00C04F79EFBC}") = "InterfacesForm", "InterfacesForm\InterfacesForm.csproj", "{73BD376B-4DB6-4622-8433-877AF871BE8B}"
EndProject
Global
	GlobalSection(SolutionConfigurationPlatforms) = preSolution
		Debug|Any CPU = Debug|Any CPU
		Release|Any CPU = Release|Any CPU
	EndGlobalSection
	GlobalSection(ProjectConfigurationPlatforms) = postSolution
		{E2BAA23E-252F-4121-B52A-7DA568526D89}.Debug|Any CPU.ActiveCfg = Debug|Any CPU
		{E2BAA23E-252F-4121-B52A-7DA568526D89}.Debug|Any CPU.Build.0 = Debug|Any CPU
		{E2BAA23E-252F-4121-B52A-7DA568526D89}.Release|Any CPU.ActiveCfg = Release|Any CPU
		{E2BAA23E-252F-4121-B52A-7DA568526D89}.Release|Any CPU.Build.0 = Release|Any CPU
		{73BD376B-4DB6-4622-8433-877AF871BE8B}.Debug|Any CPU.ActiveCfg = Debug|Any CPU
		{73BD376B-4DB6-4622-8433-877AF871BE8B}.Debug|Any CPU.Build.0 = Debug|Any CPU
		{73BD376B-4DB6-4622-8433-877AF871BE8B}.Release|Any CPU.ActiveCfg = Release|Any CPU
		{73BD376B-4DB6-4622-8433-877AF871BE8B}.Release|Any CPU.Build.0 = Release|Any CPU
	EndGlobalSection
	GlobalSection(SolutionProperties) = preSolution
		HideSolutionNode = FALSE
	EndGlobalSection
	GlobalSection(ExtensibilityGlobals) = postSolution
		SolutionGuid = {34E4F2FF-0788-495F-9879-C28E9270CD0F}
	EndGlobalSection
EndGlobal
